
Microsoft Visual Studio Solution File, Format Version 12.00
# Visual Studio Version 17
VisualStudioVersion = 17.2.32526.322
MinimumVisualStudioVersion = 10.0.40219.1
Project("{FAE04EC0-301F-11D3-BF4B-00C04F79EFBC}") = "NetCoreSheduleTask", "NetCoreSheduleTask.csproj", "{E7CDB452-2022-4053-847E-40F738ED0252}"
EndProject
Global
	GlobalSection(SolutionConfigurationPlatforms) = preSolution
		Debug|Any CPU = Debug|Any CPU
		Release|Any CPU = Release|Any CPU
	EndGlobalSection
	GlobalSection(ProjectConfigurationPlatforms) = postSolution
		{E7CDB452-2022-4053-847E-40F738ED0252}.Debug|Any CPU.ActiveCfg = Debug|Any CPU
		{E7CDB452-2022-4053-847E-40F738ED0252}.Debug|Any CPU.Build.0 = Debug|Any CPU
		{E7CDB452-2022-4053-847E-40F738ED0252}.Release|Any CPU.ActiveCfg = Release|Any CPU
		{E7CDB452-2022-4053-847E-40F738ED0252}.Release|Any CPU.Build.0 = Release|Any CPU
	EndGlobalSection
	GlobalSection(SolutionProperties) = preSolution
		HideSolutionNode = FALSE
	EndGlobalSection
	GlobalSection(ExtensibilityGlobals) = postSolution
		SolutionGuid = {7FE4A995-D168-4653-A943-1B867BBBB8E1}
	EndGlobalSection
EndGlobal
